# This file was autogenerated by Stack.
# You should not edit this file by hand.
# For more information, please see the documentation at:
#   https://docs.haskellstack.org/en/stable/lock_files

packages:
- completed:
    hackage: discover-instances-0.1.0.0@sha256:4b4c9affb6ad6f8ce76a7d9e475a99867a3ee1ce241a17c12a662c61e0c68f72,1411
    pantry-tree:
      size: 378
      sha256: 8dcf2c49ddbdf28707270464015789a405b7e1ab1c8b9e82d0f49717a5255d15
  original:
    hackage: discover-instances-0.1.0.0
- completed:
    hackage: some-dict-of-0.1.0.2@sha256:b3a0154b40eb2ab261b52e5a4aea0685ab6e80afbc998728539b5913924c7b2e,1336
    pantry-tree:
      size: 367
      sha256: 9ae4beaec44745b91383e0ad16f476f511f86b26355fc75fca73c456dc798383
  original:
    hackage: some-dict-of-0.1.0.2
snapshots:
- completed:
    size: 586069
    url: https://raw.githubusercontent.com/commercialhaskell/stackage-snapshots/master/lts/18/14.yaml
    sha256: 87842ecbaa8ca9cee59a7e6be52369dbed82ed075cb4e0d152614a627e8fd488
  original:
    url: https://raw.githubusercontent.com/commercialhaskell/stackage-snapshots/master/lts/18/14.yaml
